
Microsoft Visual Studio Solution File, Format Version 12.00
# Visual Studio Version 17
VisualStudioVersion = 17.9.34902.65
MinimumVisualStudioVersion = 10.0.40219.1
Project("{9A19103F-16F7-4668-BE54-9A1E7A4F7556}") = "UBB-SE-2024-Evil", "UBB-SE-2024-Evil.csproj", "{42FF0B03-5567-4596-8F78-7D714DD118D9}"
EndProject
Global
	GlobalSection(SolutionConfigurationPlatforms) = preSolution
		Debug|Any CPU = Debug|Any CPU
		Release|Any CPU = Release|Any CPU
	EndGlobalSection
	GlobalSection(ProjectConfigurationPlatforms) = postSolution
		{42FF0B03-5567-4596-8F78-7D714DD118D9}.Debug|Any CPU.ActiveCfg = Debug|Any CPU
		{42FF0B03-5567-4596-8F78-7D714DD118D9}.Debug|Any CPU.Build.0 = Debug|Any CPU
		{42FF0B03-5567-4596-8F78-7D714DD118D9}.Release|Any CPU.ActiveCfg = Release|Any CPU
		{42FF0B03-5567-4596-8F78-7D714DD118D9}.Release|Any CPU.Build.0 = Release|Any CPU
	EndGlobalSection
	GlobalSection(SolutionProperties) = preSolution
		HideSolutionNode = FALSE
	EndGlobalSection
	GlobalSection(ExtensibilityGlobals) = postSolution
		SolutionGuid = {7C460116-4923-462A-B9D0-CE9468DE01AE}
	EndGlobalSection
EndGlobal
